
Microsoft Visual Studio Solution File, Format Version 12.00
# Visual Studio Version 16
VisualStudioVersion = 16.0.30804.86
MinimumVisualStudioVersion = 10.0.40219.1
Project("{FAE04EC0-301F-11D3-BF4B-00C04F79EFBC}") = "EF13", "EF13\EF13.csproj", "{8371C428-7F1F-4105-9305-2E41AFC27B10}"
EndProject
Project("{FAE04EC0-301F-11D3-BF4B-00C04F79EFBC}") = "ConsoleApp1", "ConsoleApp1\ConsoleApp1.csproj", "{7DE166FE-7C50-4BCC-8A07-92D8C1971185}"
EndProject
Global
	GlobalSection(SolutionConfigurationPlatforms) = preSolution
		Debug|Any CPU = Debug|Any CPU
		Release|Any CPU = Release|Any CPU
	EndGlobalSection
	GlobalSection(ProjectConfigurationPlatforms) = postSolution
		{8371C428-7F1F-4105-9305-2E41AFC27B10}.Debug|Any CPU.ActiveCfg = Debug|Any CPU
		{8371C428-7F1F-4105-9305-2E41AFC27B10}.Debug|Any CPU.Build.0 = Debug|Any CPU
		{8371C428-7F1F-4105-9305-2E41AFC27B10}.Release|Any CPU.ActiveCfg = Release|Any CPU
		{8371C428-7F1F-4105-9305-2E41AFC27B10}.Release|Any CPU.Build.0 = Release|Any CPU
		{7DE166FE-7C50-4BCC-8A07-92D8C1971185}.Debug|Any CPU.ActiveCfg = Debug|Any CPU
		{7DE166FE-7C50-4BCC-8A07-92D8C1971185}.Debug|Any CPU.Build.0 = Debug|Any CPU
		{7DE166FE-7C50-4BCC-8A07-92D8C1971185}.Release|Any CPU.ActiveCfg = Release|Any CPU
		{7DE166FE-7C50-4BCC-8A07-92D8C1971185}.Release|Any CPU.Build.0 = Release|Any CPU
	EndGlobalSection
	GlobalSection(SolutionProperties) = preSolution
		HideSolutionNode = FALSE
	EndGlobalSection
	GlobalSection(ExtensibilityGlobals) = postSolution
		SolutionGuid = {152D6489-6F22-4DE4-8163-FB39DF0C61B7}
	EndGlobalSection
EndGlobal
