
Microsoft Visual Studio Solution File, Format Version 12.00
# Visual Studio Version 16
VisualStudioVersion = 16.0.30711.63
MinimumVisualStudioVersion = 10.0.40219.1
Project("{FAE04EC0-301F-11D3-BF4B-00C04F79EFBC}") = "EF05", "EF05\EF05.csproj", "{1352C6E6-C0E3-401C-A826-C16FBF82BA82}"
EndProject
Global
	GlobalSection(SolutionConfigurationPlatforms) = preSolution
		Debug|Any CPU = Debug|Any CPU
		Release|Any CPU = Release|Any CPU
	EndGlobalSection
	GlobalSection(ProjectConfigurationPlatforms) = postSolution
		{1352C6E6-C0E3-401C-A826-C16FBF82BA82}.Debug|Any CPU.ActiveCfg = Debug|Any CPU
		{1352C6E6-C0E3-401C-A826-C16FBF82BA82}.Debug|Any CPU.Build.0 = Debug|Any CPU
		{1352C6E6-C0E3-401C-A826-C16FBF82BA82}.Release|Any CPU.ActiveCfg = Release|Any CPU
		{1352C6E6-C0E3-401C-A826-C16FBF82BA82}.Release|Any CPU.Build.0 = Release|Any CPU
	EndGlobalSection
	GlobalSection(SolutionProperties) = preSolution
		HideSolutionNode = FALSE
	EndGlobalSection
	GlobalSection(ExtensibilityGlobals) = postSolution
		SolutionGuid = {9680BF1B-3552-4D4B-BC12-148828D60730}
	EndGlobalSection
EndGlobal
