
Microsoft Visual Studio Solution File, Format Version 12.00
# Visual Studio Version 16
VisualStudioVersion = 16.0.30711.63
MinimumVisualStudioVersion = 10.0.40219.1
Project("{FAE04EC0-301F-11D3-BF4B-00C04F79EFBC}") = "EF04", "EF04\EF04.csproj", "{2F836D7F-2CAF-4EC5-B995-E8CFCED8FD98}"
EndProject
Global
	GlobalSection(SolutionConfigurationPlatforms) = preSolution
		Debug|Any CPU = Debug|Any CPU
		Release|Any CPU = Release|Any CPU
	EndGlobalSection
	GlobalSection(ProjectConfigurationPlatforms) = postSolution
		{2F836D7F-2CAF-4EC5-B995-E8CFCED8FD98}.Debug|Any CPU.ActiveCfg = Debug|Any CPU
		{2F836D7F-2CAF-4EC5-B995-E8CFCED8FD98}.Debug|Any CPU.Build.0 = Debug|Any CPU
		{2F836D7F-2CAF-4EC5-B995-E8CFCED8FD98}.Release|Any CPU.ActiveCfg = Release|Any CPU
		{2F836D7F-2CAF-4EC5-B995-E8CFCED8FD98}.Release|Any CPU.Build.0 = Release|Any CPU
	EndGlobalSection
	GlobalSection(SolutionProperties) = preSolution
		HideSolutionNode = FALSE
	EndGlobalSection
	GlobalSection(ExtensibilityGlobals) = postSolution
		SolutionGuid = {D863A3BA-CD5C-4A16-BAF4-40155F123ABB}
	EndGlobalSection
EndGlobal
