
Microsoft Visual Studio Solution File, Format Version 12.00
# Visual Studio Version 16
VisualStudioVersion = 16.0.30717.126
MinimumVisualStudioVersion = 10.0.40219.1
Project("{FAE04EC0-301F-11D3-BF4B-00C04F79EFBC}") = "EF06", "EF06\EF06.csproj", "{2318EFCC-B64C-4A12-A0B3-E785E9E6E39A}"
EndProject
Global
	GlobalSection(SolutionConfigurationPlatforms) = preSolution
		Debug|Any CPU = Debug|Any CPU
		Release|Any CPU = Release|Any CPU
	EndGlobalSection
	GlobalSection(ProjectConfigurationPlatforms) = postSolution
		{2318EFCC-B64C-4A12-A0B3-E785E9E6E39A}.Debug|Any CPU.ActiveCfg = Debug|Any CPU
		{2318EFCC-B64C-4A12-A0B3-E785E9E6E39A}.Debug|Any CPU.Build.0 = Debug|Any CPU
		{2318EFCC-B64C-4A12-A0B3-E785E9E6E39A}.Release|Any CPU.ActiveCfg = Release|Any CPU
		{2318EFCC-B64C-4A12-A0B3-E785E9E6E39A}.Release|Any CPU.Build.0 = Release|Any CPU
	EndGlobalSection
	GlobalSection(SolutionProperties) = preSolution
		HideSolutionNode = FALSE
	EndGlobalSection
	GlobalSection(ExtensibilityGlobals) = postSolution
		SolutionGuid = {D4B6B964-B35F-45E0-A65E-F01FFD4DF511}
	EndGlobalSection
EndGlobal
